
Microsoft Visual Studio Solution File, Format Version 12.00
# Visual Studio Version 18
VisualStudioVersion = 18.11.12202.211 insiders
MinimumVisualStudioVersion = 10.0.40219.1
Project("{FAE04EC0-301F-11D3-BF4B-00C04F79EFBC}") = "Snap.Hutao.Remastered.SourceGeneration", "Snap.Hutao.Remastered.SourceGeneration\Snap.Hutao.Remastered.SourceGeneration.csproj", "{C296E4C3-AD15-47F3-97E5-9C7B3060D73E}"
EndProject
Project("{2150E333-8FDC-42A3-9474-1A3956D46DE8}") = ".github", ".github", "{C961FDA5-0968-4295-AB97-8D6C95398CA0}"
	ProjectSection(SolutionItems) = preProject
		..\..\.github\workflows\Publish.yml = ..\..\.github\workflows\Publish.yml
	EndProjectSection
EndProject
Global
	GlobalSection(SolutionConfigurationPlatforms) = preSolution
		Debug|Any CPU = Debug|Any CPU
		Release|Any CPU = Release|Any CPU
	EndGlobalSection
	GlobalSection(ProjectConfigurationPlatforms) = postSolution
		{C296E4C3-AD15-47F3-97E5-9C7B3060D73E}.Debug|Any CPU.ActiveCfg = Debug|Any CPU
		{C296E4C3-AD15-47F3-97E5-9C7B3060D73E}.Debug|Any CPU.Build.0 = Debug|Any CPU
		{C296E4C3-AD15-47F3-97E5-9C7B3060D73E}.Release|Any CPU.ActiveCfg = Release|Any CPU
		{C296E4C3-AD15-47F3-97E5-9C7B3060D73E}.Release|Any CPU.Build.0 = Release|Any CPU
	EndGlobalSection
	GlobalSection(SolutionProperties) = preSolution
		HideSolutionNode = FALSE
	EndGlobalSection
	GlobalSection(ExtensibilityGlobals) = postSolution
		SolutionGuid = {A5D24877-D905-43A2-BDEA-C2901AF163BE}
	EndGlobalSection
EndGlobal
